{
  "name": "tus-node-server",
  "version": "1.0.0",
  "lockfileVersion": 3,
  "requires": true,
  "packages": {
    "": {
      "name": "tus-node-server",
      "version": "1.0.0",
      "license": "ISC",
      "dependencies": {
        "@tus/file-store": "^1.4.0",
        "@tus/server": "^1.7.0"
      }
    },
    "node_modules/@redis/client": {
      "version": "1.6.0",
      "resolved": "https://registry.npmjs.org/@redis/client/-/client-1.6.0.tgz",
      "integrity": "sha512-aR0uffYI700OEEH4gYnitAnv3vzVGXCFvYfdpu/CJKvk4pHfLPEy/JSZyrpQ+15WhXe1yJRXLtfQ84s4mEXnPg==",
      "optional": true,
      "dependencies": {
        "cluster-key-slot": "1.1.2",
        "generic-pool": "3.9.0",
        "yallist": "4.0.0"
      },
      "engines": {
        "node": ">=14"
      }
    },
    "node_modules/@tus/file-store": {
      "version": "1.4.0",
      "resolved": "https://registry.npmjs.org/@tus/file-store/-/file-store-1.4.0.tgz",
      "integrity": "sha512-r+K4vGEvjlF9EEKZSgh1q9pLwbt87tcWUJDgjYyzYVMSPP98tifSOzFuPqQ2GwtQgIlVNLnyYm/PNqPd3RUNFw==",
      "dependencies": {
        "@tus/utils": "^0.3.0",
        "debug": "^4.3.4"
      },
      "engines": {
        "node": ">=16"
      },
      "optionalDependencies": {
        "@redis/client": "^1.5.13"
      }
    },
    "node_modules/@tus/server": {
      "version": "1.7.0",
      "resolved": "https://registry.npmjs.org/@tus/server/-/server-1.7.0.tgz",
      "integrity": "sha512-2RlQXkTw3+fMFUbIO4AIrgF8C/OI6WtSQ2R0iWEzpSUD9i8TqJNxa7gNAGFe4SQJUtGLTq7OxUWb6+Dndblr+Q==",
      "dependencies": {
        "@tus/utils": "^0.3.0",
        "debug": "^4.3.4",
        "lodash.throttle": "^4.1.1"
      },
      "engines": {
        "node": ">=16"
      },
      "optionalDependencies": {
        "@redis/client": "^1.5.13"
      }
    },
    "node_modules/@tus/utils": {
      "version": "0.3.0",
      "resolved": "https://registry.npmjs.org/@tus/utils/-/utils-0.3.0.tgz",
      "integrity": "sha512-Wt/phitrYEP6T9Tq0ikhJdGKpeEEkOT+vEVUKQKBXBUZdtWubLQKvR2V9jtzekFhLIoqm0KS5uOb7abZgebT3A==",
      "engines": {
        "node": ">=16"
      }
    },
    "node_modules/cluster-key-slot": {
      "version": "1.1.2",
      "resolved": "https://registry.npmjs.org/cluster-key-slot/-/cluster-key-slot-1.1.2.tgz",
      "integrity": "sha512-RMr0FhtfXemyinomL4hrWcYJxmX6deFdCxpJzhDttxgO1+bcCnkk+9drydLVDmAMG7NE6aN/fl4F7ucU/90gAA==",
      "optional": true,
      "engines": {
        "node": ">=0.10.0"
      }
    },
    "node_modules/debug": {
      "version": "4.3.6",
      "resolved": "https://registry.npmjs.org/debug/-/debug-4.3.6.tgz",
      "integrity": "sha512-O/09Bd4Z1fBrU4VzkhFqVgpPzaGbw6Sm9FEkBT1A/YBXQFGuuSxa1dN2nxgxS34JmKXqYx8CZAwEVoJFImUXIg==",
      "dependencies": {
        "ms": "2.1.2"
      },
      "engines": {
        "node": ">=6.0"
      },
      "peerDependenciesMeta": {
        "supports-color": {
          "optional": true
        }
      }
    },
    "node_modules/generic-pool": {
      "version": "3.9.0",
      "resolved": "https://registry.npmjs.org/generic-pool/-/generic-pool-3.9.0.tgz",
      "integrity": "sha512-hymDOu5B53XvN4QT9dBmZxPX4CWhBPPLguTZ9MMFeFa/Kg0xWVfylOVNlJji/E7yTZWFd/q9GO5TxDLq156D7g==",
      "optional": true,
      "engines": {
        "node": ">= 4"
      }
    },
    "node_modules/lodash.throttle": {
      "version": "4.1.1",
      "resolved": "https://registry.npmjs.org/lodash.throttle/-/lodash.throttle-4.1.1.tgz",
      "integrity": "sha512-wIkUCfVKpVsWo3JSZlc+8MB5it+2AN5W8J7YVMST30UrvcQNZ1Okbj+rbVniijTWE6FGYy4XJq/rHkas8qJMLQ=="
    },
    "node_modules/ms": {
      "version": "2.1.2",
      "resolved": "https://registry.npmjs.org/ms/-/ms-2.1.2.tgz",
      "integrity": "sha512-sGkPx+VjMtmA6MX27oA4FBFELFCZZ4S4XqeGOXCv68tT+jb3vk/RyaKWP0PTKyWtmLSM0b+adUTEvbs1PEaH2w=="
    },
    "node_modules/yallist": {
      "version": "4.0.0",
      "resolved": "https://registry.npmjs.org/yallist/-/yallist-4.0.0.tgz",
      "integrity": "sha512-3wdGidZyq5PB084XLES5TpOSRA3wjXAlIWMhum2kRcv/41Sn2emQ0dycQW4uZXLejwKvg6EsvbdlVL+FYEct7A==",
      "optional": true
    }
  }
}
